lockfileVersion: '9.0'

settings:
  autoInstallPeers: true
  excludeLinksFromLockfile: false

importers:

  .:
    dependencies:
      react:
        specifier: ^18.2.0
        version: 19.2.6
      react-dom:
        specifier: ^18.2.0
        version: 19.2.6(react@19.2.6)
    devDependencies:
      '@plone/components':
        specifier: ^4.1.0
        version: 4.1.0(react-dom@19.2.6(react@19.2.6))(react@19.2.6)
      '@plone/registry':
        specifier: workspace:*
        version: link:../../core/packages/registry
      '@plone/scripts':
        specifier: workspace:*
        version: link:../../core/packages/scripts
      '@plone/types':
        specifier: workspace:*
        version: link:../../core/packages/types
      react-toastify:
        specifier: 5.5.0
        version: 5.5.0(react-dom@19.2.6(react@19.2.6))(react@19.2.6)

packages:

  '@adobe/react-spectrum-ui@1.2.1':
    resolution: {integrity: sha512-wcrbEE2O/9WnEn6avBnaVRRx88S5PLFsPLr4wffzlbMfXeQsy+RMQwaJd3cbzrn18/j04Isit7f7Emfn0dhrJA==}
    peerDependencies:
      react: ^16.8.0 || ^17.0.0-rc.1 || ^18.0.0 || ^19.0.0
      react-dom: ^16.8.0 || ^17.0.0-rc.1 || ^18.0.0 || ^19.0.0

  '@adobe/react-spectrum-workflow@2.3.5':
    resolution: {integrity: sha512-b53VIPwPWKb/T5gzE3qs+QlGP5gVrw/LnWV3xMksDU+CRl3rzOKUwxIGiZO8ICyYh1WiyqY4myGlPU/nAynBUg==}
    peerDependencies:
      react: ^16.8.0 || ^17.0.0-rc.1 || ^18.0.0 || ^19.0.0
      react-dom: ^16.8.0 || ^17.0.0-rc.1 || ^18.0.0 || ^19.0.0

  '@adobe/react-spectrum@3.47.1':
    resolution: {integrity: sha512-mijNyd8XmA6KoBMbqKc4Rp+S2voKdZkPydJFjQbG0SkOjOKcgqVpJdKGsKdLMZBn9Jk5SgEuklyrhc7Uvot2tA==}
    peerDependencies:
      react: ^16.8.0 || ^17.0.0-rc.1 || ^18.0.0 || ^19.0.0-rc.1
      react-dom: ^16.8.0 || ^17.0.0-rc.1 || ^18.0.0 || ^19.0.0-rc.1

  '@babel/runtime@7.29.7':
    resolution: {integrity: sha512-Nq8OhGWiZIZGV6hLHoyAKLLcJihP/xFeBMGJoUrxTX2psI8dCifzLhZISFb+VWS3wFMRDmCGw5R+dOySCqPLhw==}
    engines: {node: '>=6.9.0'}

  '@internationalized/date@3.12.2':
    resolution: {integrity: sha512-FY1Y+H64NDs+HAF6omlnWxm3mEpfgaCSWtL5l551ZZfImA+kGjPFgrnJrGjH6lfmLL0g8Z/mBu1R3kufeCp6Jw==}

  '@internationalized/number@3.6.7':
    resolution: {integrity: sha512-3ji1fcrT+FPAK86UqEhB/psHixYo6niWPJtt7+qRaYFynt/BaJG8GhAPimtWUpEiVSTq8ZM8L5psMxGquiB/Vg==}

  '@internationalized/string@3.2.9':
    resolution: {integrity: sha512-kzP/M/mbQxODlmOt4bIQZ2SBVUWUSqMLXooXixnX7noche8WHaQcA+nwFN1K2KCF/cp+LDUhcJsCicwkvhD1pg==}

  '@plone/components@4.1.0':
    resolution: {integrity: sha512-RtnDLA16Kv38slukHyNP3F/RX9aFKlJ+27x87xY0+jUXw6ElZD/IqM/DdgG6fWkdjrqc5ZJVeJvm/cIRr3SwDQ==}
    peerDependencies:
      react: ^16.8.0 || ^17.0.0 || ^18.0.0 || ^19.0.0
      react-dom: ^16.8.0 || ^17.0.0 || ^18.0.0 || ^19.0.0
    peerDependenciesMeta:
      react-dom:
        optional: true

  '@react-aria/utils@3.34.1':
    resolution: {integrity: sha512-H6+rGZL+0f58bBNaUMfctEnT+NogqwAk+nHiB8sR3K+YlQ37GTuCijy2U/pPvQtFMS5mURrjZeBH5JNNXsx14A==}
    peerDependencies:
      react: ^16.8.0 || ^17.0.0-rc.1 || ^18.0.0 || ^19.0.0-rc.1
      react-dom: ^16.8.0 || ^17.0.0-rc.1 || ^18.0.0 || ^19.0.0-rc.1

  '@react-spectrum/utils@3.13.1':
    resolution: {integrity: sha512-qTtZMnNYeOAo1WppaUeNbDiJiyngt88cdcS2B7qU4XJREV4bBW6jWQ4s5m8Yk4bljG/C0NQH85vnWRBERh9upA==}
    peerDependencies:
      react: ^16.8.0 || ^17.0.0-rc.1 || ^18.0.0 || ^19.0.0-rc.1
      react-dom: ^16.8.0 || ^17.0.0-rc.1 || ^18.0.0 || ^19.0.0-rc.1

  '@react-types/shared@3.35.0':
    resolution: {integrity: sha512-iNWvuzEwANttpQpdlu8nPBtdHb0mcCMj1ZTH//iRB5E/14IAnyRlR25rxH7pNLyzHINsPGEKnWvpwDMCT6vziQ==}
    peerDependencies:
      react: ^16.8.0 || ^17.0.0-rc.1 || ^18.0.0 || ^19.0.0-rc.1

  '@spectrum-icons/ui@3.7.1':
    resolution: {integrity: sha512-veQymocUYo5OciXQajSailOdbWe+k6+2ehfF8D4d0V923D4xOUadtT253xXZ5vEQjPat6Kyp2WDKeQNjd7kL1w==}
    peerDependencies:
      '@adobe/react-spectrum': ^3.47.0
      react: ^16.8.0 || ^17.0.0-rc.1 || ^18.0.0 || ^19.0.0-rc.1
      react-dom: ^16.8.0 || ^17.0.0-rc.1 || ^18.0.0 || ^19.0.0-rc.1

  '@spectrum-icons/workflow@4.3.1':
    resolution: {integrity: sha512-kDF+/EbFVyLGytotqqdYt4uSij4j/PQmDQO5km/C6DyzKjyuic3FnSBFinR+mA6oFv1OjMcLvrrDBqK3wbqRlA==}
    peerDependencies:
      '@adobe/react-spectrum': ^3.47.0
      react: ^16.8.0 || ^17.0.0-rc.1 || ^18.0.0 || ^19.0.0-rc.1
      react-dom: ^16.8.0 || ^17.0.0-rc.1 || ^18.0.0 || ^19.0.0-rc.1

  '@swc/helpers@0.5.23':
    resolution: {integrity: sha512-5lSsMOTXURePglDfvuAQUqkGek9Hg2kksOYay2m0+XR++b2NWYL/4sWyuvVBIs8oKnJaxkdi9whaL/sqN13afw==}

  aria-hidden@1.2.6:
    resolution: {integrity: sha512-ik3ZgC9dY/lYVVM++OISsaYDeg1tb0VtP5uL3ouh1koGOaUMDPpbFIei4JkFimWUFPn90sbMNMXQAIVOlnYKJA==}
    engines: {node: '>=10'}

  classnames@2.5.1:
    resolution: {integrity: sha512-saHYOzhIQs6wy2sVxTM6bUDsQO4F50V9RQ22qBpEdCW+I+/Wmke2HOl6lS6dTpdxVhb88/I6+Hs+438c3lfUow==}

  client-only@0.0.1:
    resolution: {integrity: sha512-IV3Ou0jSMzZrd3pZ48nLkT9DA7Ag1pnPzaiQhpW7c3RbcqqzvzzVu+L8gfqMp/8IM2MQtSiqaCxrrcfu8I8rMA==}

  clsx@2.1.1:
    resolution: {integrity: sha512-eYm0QWBtUrBWZWG0d386OGAw16Z995PiOVo2B7bjWSbHedGl5e0ZWaq65kOGgUSNesEIDkB9ISbTg/JK9dhCZA==}
    engines: {node: '>=6'}

  csstype@3.2.3:
    resolution: {integrity: sha512-z1HGKcYy2xA8AGQfwrn0PAy+PB7X/GSj3UVJW9qKyn43xWa+gl5nXmU4qqLMRzWVLFC8KusUX8T/0kCiOYpAIQ==}

  dom-helpers@5.2.1:
    resolution: {integrity: sha512-nRCa7CK3VTrM2NmGkIy4cbK7IZlgBE/PYMn55rrXefr5xXDP0LdtfPnblFDoVdcAfslJ7or6iqAUnx0CCGIWQA==}

  js-tokens@4.0.0:
    resolution: {integrity: sha512-RdJUflcE3cUzKiMqQgsCu06FPu9UdIJO0beYbPhHN4k6apgJtifcoCtT9bcxOpYBtpD2kCM6Sbzg4CausW/PKQ==}

  loose-envify@1.4.0:
    resolution: {integrity: sha512-lyuxPGr/Wfhrlem2CL/UcnUc1zcqKAImBDzukY7Y5F/yQiNdko6+fRLevlw1HgMySw7f611UIY408EtxRSoK3Q==}
    hasBin: true

  object-assign@4.1.1:
    resolution: {integrity: sha512-rJgTQnkUnH1sFw8yT6VSU3zD3sWmu6sZhIseY8VX+GRu3P6F7Fu+JNDoXfklElbLJSnc3FUQHVe4cU5hj+BcUg==}
    engines: {node: '>=0.10.0'}

  prop-types@15.8.1:
    resolution: {integrity: sha512-oj87CgZICdulUohogVAR7AjlC0327U4el4L6eAvOqCeudMDVU0NThNaV+b9Df4dXgSP1gXMTnPdhfe/2qDH5cg==}

  react-aria-components@1.18.0:
    resolution: {integrity: sha512-FhRQjuDkH4WhgFv+O2sYTzK3JzdZTGpBeaqfRlfTo+DcSZzD8elJEkytHe7SDpcexVKeire8NVd7OruZHfCVoA==}
    peerDependencies:
      react: ^16.8.0 || ^17.0.0-rc.1 || ^18.0.0 || ^19.0.0-rc.1
      react-dom: ^16.8.0 || ^17.0.0-rc.1 || ^18.0.0 || ^19.0.0-rc.1

  react-aria@3.49.0:
    resolution: {integrity: sha512-4+oK9FwJQWYhyA5zLfj/feOGY0zZbkE1muoF4gyxMroHVypjcYaRSTlJwvxph2zIlxt757KX6xIK2wJ5Aw1Kog==}
    peerDependencies:
      react: ^16.8.0 || ^17.0.0-rc.1 || ^18.0.0 || ^19.0.0-rc.1
      react-dom: ^16.8.0 || ^17.0.0-rc.1 || ^18.0.0 || ^19.0.0-rc.1

  react-dom@19.2.6:
    resolution: {integrity: sha512-0prMI+hvBbPjsWnxDLxlCGyM8PN6UuWjEUCYmZhO67xIV9Xasa/r/vDnq+Xyq4Lo27g8QSbO5YzARu0D1Sps3g==}
    peerDependencies:
      react: ^19.2.6

  react-is@16.13.1:
    resolution: {integrity: sha512-24e6ynE2H+OKt4kqsOvNd8kBpV65zoxbA4BVsEOB3ARVWQki/DHzaUoC5KuON/BiccDaCCTZBuOcfZs70kR8bQ==}

  react-stately@3.47.0:
    resolution: {integrity: sha512-H3ar+SOWP920EbVg7qWfP3fZjZiwhlEJAEJQqjt+w8oKijCwFgr0+R4941PIHscOXRNRvEOjvWilitImC0DdBg==}
    peerDependencies:
      react: ^16.8.0 || ^17.0.0-rc.1 || ^18.0.0 || ^19.0.0-rc.1

  react-toastify@5.5.0:
    resolution: {integrity: sha512-jsVme7jALIFGRyQsri/g4YTsRuaaGI70T6/ikjwZMB4mwTZaCWqj5NqxhGrRStKlJc5npXKKvKeqTiRGQl78LQ==}
    peerDependencies:
      react: '>=15.0.0'
      react-dom: '>=15.0.0'

  react-transition-group@4.4.5:
    resolution: {integrity: sha512-pZcd1MCJoiKiBR2NRxeCRg13uCXbydPnmB4EOeRrY7480qNWO8IIgQG6zlDkm6uRMsURXPuKq0GWtiM59a5Q6g==}
    peerDependencies:
      react: '>=16.6.0'
      react-dom: '>=16.6.0'

  react@19.2.6:
    resolution: {integrity: sha512-sfWGGfavi0xr8Pg0sVsyHMAOziVYKgPLNrS7ig+ivMNb3wbCBw3KxtflsGBAwD3gYQlE/AEZsTLgToRrSCjb0Q==}
    engines: {node: '>=0.10.0'}

  scheduler@0.27.0:
    resolution: {integrity: sha512-eNv+WrVbKu1f3vbYJT/xtiF5syA5HPIMtf9IgY/nKg0sWqzAUEvqY/xm7OcZc/qafLx/iO9FgOmeSAp4v5ti/Q==}

  tailwind-merge@3.6.0:
    resolution: {integrity: sha512-uxL7qAVQriqRQPAyK3pj66VqskWqoZ37PW94jwOTwNfq/z9oyu1V+eqrZqtR2+fCiXdYOZe/Modt8GtvqNzu+w==}

  tailwind-variants@3.2.2:
    resolution: {integrity: sha512-Mi4kHeMTLvKlM98XPnK+7HoBPmf4gygdFmqQPaDivc3DpYS6aIY6KiG/PgThrGvii5YZJqRsPz0aPyhoFzmZgg==}
    engines: {node: '>=16.x', pnpm: '>=7.x'}
    peerDependencies:
      tailwind-merge: '>=3.0.0'
      tailwindcss: '*'
    peerDependenciesMeta:
      tailwind-merge:
        optional: true

  tailwindcss-animate@1.0.7:
    resolution: {integrity: sha512-bl6mpH3T7I3UFxuvDEXLxy/VuFxBk5bbzplh7tXI68mwMokNYd1t9qPBHlnyTwfa4JGC4zP516I1hYYtQ/vspA==}
    peerDependencies:
      tailwindcss: '>=3.0.0 || insiders'

  tailwindcss@4.3.0:
    resolution: {integrity: sha512-y6nxMGB1nMW9R6k96e5gdIFzcfL/gTJRNaqGes1YvkLnPVXzWgbqFF2yLC0T8G774n24cx3Pe8XrKoniCOAH+Q==}

  tslib@2.8.1:
    resolution: {integrity: sha512-oJFu94HQb+KVduSUQL7wnpmqnfmLsOA/nAh6b6EH0wCEoK0/mPeXU6c3wKDV83MkOuHPRHtSXKKU99IBazS/2w==}

  use-sync-external-store@1.6.0:
    resolution: {integrity: sha512-Pp6GSwGP/NrPIrxVFAIkOQeyw8lFenOHijQWkUTrDvrF4ALqylP2C/KCkeS9dpUM3KvYRQhna5vt7IL95+ZQ9w==}
    peerDependencies:
      react: ^16.8.0 || ^17.0.0 || ^18.0.0 || ^19.0.0

snapshots:

  '@adobe/react-spectrum-ui@1.2.1(react-dom@19.2.6(react@19.2.6))(react@19.2.6)':
    dependencies:
      react: 19.2.6
      react-dom: 19.2.6(react@19.2.6)

  '@adobe/react-spectrum-workflow@2.3.5(react-dom@19.2.6(react@19.2.6))(react@19.2.6)':
    dependencies:
      react: 19.2.6
      react-dom: 19.2.6(react@19.2.6)

  '@adobe/react-spectrum@3.47.1(react-dom@19.2.6(react@19.2.6))(react@19.2.6)':
    dependencies:
      '@internationalized/date': 3.12.2
      '@react-types/shared': 3.35.0(react@19.2.6)
      '@spectrum-icons/ui': 3.7.1(@adobe/react-spectrum@3.47.1(react-dom@19.2.6(react@19.2.6))(react@19.2.6))(react-dom@19.2.6(react@19.2.6))(react@19.2.6)
      '@spectrum-icons/workflow': 4.3.1(@adobe/react-spectrum@3.47.1(react-dom@19.2.6(react@19.2.6))(react@19.2.6))(react-dom@19.2.6(react@19.2.6))(react@19.2.6)
      '@swc/helpers': 0.5.23
      client-only: 0.0.1
      clsx: 2.1.1
      react: 19.2.6
      react-aria: 3.49.0(react-dom@19.2.6(react@19.2.6))(react@19.2.6)
      react-aria-components: 1.18.0(react-dom@19.2.6(react@19.2.6))(react@19.2.6)
      react-dom: 19.2.6(react@19.2.6)
      react-stately: 3.47.0(react@19.2.6)
      react-transition-group: 4.4.5(react-dom@19.2.6(react@19.2.6))(react@19.2.6)
      use-sync-external-store: 1.6.0(react@19.2.6)

  '@babel/runtime@7.29.7': {}

  '@internationalized/date@3.12.2':
    dependencies:
      '@swc/helpers': 0.5.23

  '@internationalized/number@3.6.7':
    dependencies:
      '@swc/helpers': 0.5.23

  '@internationalized/string@3.2.9':
    dependencies:
      '@swc/helpers': 0.5.23

  '@plone/components@4.1.0(react-dom@19.2.6(react@19.2.6))(react@19.2.6)':
    dependencies:
      '@internationalized/date': 3.12.2
      '@react-aria/utils': 3.34.1(react-dom@19.2.6(react@19.2.6))(react@19.2.6)
      '@react-spectrum/utils': 3.13.1(react-dom@19.2.6(react@19.2.6))(react@19.2.6)
      clsx: 2.1.1
      react: 19.2.6
      react-aria: 3.49.0(react-dom@19.2.6(react@19.2.6))(react@19.2.6)
      react-aria-components: 1.18.0(react-dom@19.2.6(react@19.2.6))(react@19.2.6)
      react-stately: 3.47.0(react@19.2.6)
      tailwind-merge: 3.6.0
      tailwind-variants: 3.2.2(tailwind-merge@3.6.0)(tailwindcss@4.3.0)
      tailwindcss: 4.3.0
      tailwindcss-animate: 1.0.7(tailwindcss@4.3.0)
    optionalDependencies:
      react-dom: 19.2.6(react@19.2.6)

  '@react-aria/utils@3.34.1(react-dom@19.2.6(react@19.2.6))(react@19.2.6)':
    dependencies:
      '@swc/helpers': 0.5.23
      react: 19.2.6
      react-aria: 3.49.0(react-dom@19.2.6(react@19.2.6))(react@19.2.6)
      react-dom: 19.2.6(react@19.2.6)
      react-stately: 3.47.0(react@19.2.6)

  '@react-spectrum/utils@3.13.1(react-dom@19.2.6(react@19.2.6))(react@19.2.6)':
    dependencies:
      '@adobe/react-spectrum': 3.47.1(react-dom@19.2.6(react@19.2.6))(react@19.2.6)
      '@swc/helpers': 0.5.23
      react: 19.2.6
      react-aria: 3.49.0(react-dom@19.2.6(react@19.2.6))(react@19.2.6)
      react-dom: 19.2.6(react@19.2.6)

  '@react-types/shared@3.35.0(react@19.2.6)':
    dependencies:
      react: 19.2.6

  '@spectrum-icons/ui@3.7.1(@adobe/react-spectrum@3.47.1(react-dom@19.2.6(react@19.2.6))(react@19.2.6))(react-dom@19.2.6(react@19.2.6))(react@19.2.6)':
    dependencies:
      '@adobe/react-spectrum': 3.47.1(react-dom@19.2.6(react@19.2.6))(react@19.2.6)
      '@adobe/react-spectrum-ui': 1.2.1(react-dom@19.2.6(react@19.2.6))(react@19.2.6)
      '@babel/runtime': 7.29.7
      '@swc/helpers': 0.5.23
      react: 19.2.6
      react-dom: 19.2.6(react@19.2.6)

  '@spectrum-icons/workflow@4.3.1(@adobe/react-spectrum@3.47.1(react-dom@19.2.6(react@19.2.6))(react@19.2.6))(react-dom@19.2.6(react@19.2.6))(react@19.2.6)':
    dependencies:
      '@adobe/react-spectrum': 3.47.1(react-dom@19.2.6(react@19.2.6))(react@19.2.6)
      '@adobe/react-spectrum-workflow': 2.3.5(react-dom@19.2.6(react@19.2.6))(react@19.2.6)
      '@swc/helpers': 0.5.23
      react: 19.2.6
      react-dom: 19.2.6(react@19.2.6)

  '@swc/helpers@0.5.23':
    dependencies:
      tslib: 2.8.1

  aria-hidden@1.2.6:
    dependencies:
      tslib: 2.8.1

  classnames@2.5.1: {}

  client-only@0.0.1: {}

  clsx@2.1.1: {}

  csstype@3.2.3: {}

  dom-helpers@5.2.1:
    dependencies:
      '@babel/runtime': 7.29.7
      csstype: 3.2.3

  js-tokens@4.0.0: {}

  loose-envify@1.4.0:
    dependencies:
      js-tokens: 4.0.0

  object-assign@4.1.1: {}

  prop-types@15.8.1:
    dependencies:
      loose-envify: 1.4.0
      object-assign: 4.1.1
      react-is: 16.13.1

  react-aria-components@1.18.0(react-dom@19.2.6(react@19.2.6))(react@19.2.6):
    dependencies:
      '@internationalized/date': 3.12.2
      '@react-types/shared': 3.35.0(react@19.2.6)
      '@swc/helpers': 0.5.23
      client-only: 0.0.1
      react: 19.2.6
      react-aria: 3.49.0(react-dom@19.2.6(react@19.2.6))(react@19.2.6)
      react-dom: 19.2.6(react@19.2.6)
      react-stately: 3.47.0(react@19.2.6)

  react-aria@3.49.0(react-dom@19.2.6(react@19.2.6))(react@19.2.6):
    dependencies:
      '@internationalized/date': 3.12.2
      '@internationalized/number': 3.6.7
      '@internationalized/string': 3.2.9
      '@react-types/shared': 3.35.0(react@19.2.6)
      '@swc/helpers': 0.5.23
      aria-hidden: 1.2.6
      clsx: 2.1.1
      react: 19.2.6
      react-dom: 19.2.6(react@19.2.6)
      react-stately: 3.47.0(react@19.2.6)
      use-sync-external-store: 1.6.0(react@19.2.6)

  react-dom@19.2.6(react@19.2.6):
    dependencies:
      react: 19.2.6
      scheduler: 0.27.0

  react-is@16.13.1: {}

  react-stately@3.47.0(react@19.2.6):
    dependencies:
      '@internationalized/date': 3.12.2
      '@internationalized/number': 3.6.7
      '@internationalized/string': 3.2.9
      '@react-types/shared': 3.35.0(react@19.2.6)
      '@swc/helpers': 0.5.23
      react: 19.2.6
      use-sync-external-store: 1.6.0(react@19.2.6)

  react-toastify@5.5.0(react-dom@19.2.6(react@19.2.6))(react@19.2.6):
    dependencies:
      '@babel/runtime': 7.29.7
      classnames: 2.5.1
      prop-types: 15.8.1
      react: 19.2.6
      react-dom: 19.2.6(react@19.2.6)
      react-transition-group: 4.4.5(react-dom@19.2.6(react@19.2.6))(react@19.2.6)

  react-transition-group@4.4.5(react-dom@19.2.6(react@19.2.6))(react@19.2.6):
    dependencies:
      '@babel/runtime': 7.29.7
      dom-helpers: 5.2.1
      loose-envify: 1.4.0
      prop-types: 15.8.1
      react: 19.2.6
      react-dom: 19.2.6(react@19.2.6)

  react@19.2.6: {}

  scheduler@0.27.0: {}

  tailwind-merge@3.6.0: {}

  tailwind-variants@3.2.2(tailwind-merge@3.6.0)(tailwindcss@4.3.0):
    dependencies:
      tailwindcss: 4.3.0
    optionalDependencies:
      tailwind-merge: 3.6.0

  tailwindcss-animate@1.0.7(tailwindcss@4.3.0):
    dependencies:
      tailwindcss: 4.3.0

  tailwindcss@4.3.0: {}

  tslib@2.8.1: {}

  use-sync-external-store@1.6.0(react@19.2.6):
    dependencies:
      react: 19.2.6
